
Microsoft Visual Studio Solution File, Format Version 12.00
# Visual Studio Version 17
VisualStudioVersion = 17.6.33513.286
MinimumVisualStudioVersion = 10.0.40219.1
Project("{9A19103F-16F7-4668-BE54-9A1E7A4F7556}") = "ThermalGuardHAT.Api", "back\NetApi.csproj", "{7939A6D8-FAD3-4537-B935-A779FDD236AD}"
EndProject
Project("{54A90642-561A-4BB1-A94E-469ADEE60C69}") = "ThermalGuardHAT.Front", "front\AngularFront.esproj", "{2D844D60-F738-4858-B804-F1E2CA64B7FE}"
EndProject
Project("{888888A0-9F3D-457C-B088-3A5042F75D52}") = "ThermalGuardHAT.Python", "python\ThermalGuardHAT.pyproj", "{8B8DA32B-C28C-491A-8EEB-0B797143F375}"
EndProject
Global
	GlobalSection(SolutionConfigurationPlatforms) = preSolution
		Debug|Any CPU = Debug|Any CPU
		Release|Any CPU = Release|Any CPU
	EndGlobalSection
	GlobalSection(ProjectConfigurationPlatforms) = postSolution
		{7939A6D8-FAD3-4537-B935-A779FDD236AD}.Debug|Any CPU.ActiveCfg = Debug|Any CPU
		{7939A6D8-FAD3-4537-B935-A779FDD236AD}.Debug|Any CPU.Build.0 = Debug|Any CPU
		{7939A6D8-FAD3-4537-B935-A779FDD236AD}.Release|Any CPU.ActiveCfg = Release|Any CPU
		{7939A6D8-FAD3-4537-B935-A779FDD236AD}.Release|Any CPU.Build.0 = Release|Any CPU
		{2D844D60-F738-4858-B804-F1E2CA64B7FE}.Debug|Any CPU.ActiveCfg = Debug|Any CPU
		{2D844D60-F738-4858-B804-F1E2CA64B7FE}.Debug|Any CPU.Build.0 = Debug|Any CPU
		{2D844D60-F738-4858-B804-F1E2CA64B7FE}.Debug|Any CPU.Deploy.0 = Debug|Any CPU
		{2D844D60-F738-4858-B804-F1E2CA64B7FE}.Release|Any CPU.ActiveCfg = Release|Any CPU
		{2D844D60-F738-4858-B804-F1E2CA64B7FE}.Release|Any CPU.Build.0 = Release|Any CPU
		{2D844D60-F738-4858-B804-F1E2CA64B7FE}.Release|Any CPU.Deploy.0 = Release|Any CPU
		{8B8DA32B-C28C-491A-8EEB-0B797143F375}.Debug|Any CPU.ActiveCfg = Debug|Any CPU
		{8B8DA32B-C28C-491A-8EEB-0B797143F375}.Release|Any CPU.ActiveCfg = Release|Any CPU
	EndGlobalSection
	GlobalSection(SolutionProperties) = preSolution
		HideSolutionNode = FALSE
	EndGlobalSection
	GlobalSection(ExtensibilityGlobals) = postSolution
		SolutionGuid = {018B7D4F-1375-414E-AEFC-DF00B7B10806}
	EndGlobalSection
EndGlobal
